
Microsoft Visual Studio Solution File, Format Version 12.00
Project("{FAE04EC0-301F-11D3-BF4B-00C04F79EFBC}") = "Output", "Output\Output.csproj", "{90C23FB3-9335-40A0-A913-E634ED022234}"
EndProject
Project("{FAE04EC0-301F-11D3-BF4B-00C04F79EFBC}") = "Output.FluentValidation", "Output.FluentValidation\Output.FluentValidation.csproj", "{1C162243-42AD-4FBB-906D-C96452EBF969}"
EndProject
Global
	GlobalSection(SolutionConfigurationPlatforms) = preSolution
		Debug|Any CPU = Debug|Any CPU
		Release|Any CPU = Release|Any CPU
	EndGlobalSection
	GlobalSection(ProjectConfigurationPlatforms) = postSolution
		{90C23FB3-9335-40A0-A913-E634ED022234}.Debug|Any CPU.ActiveCfg = Debug|Any CPU
		{90C23FB3-9335-40A0-A913-E634ED022234}.Debug|Any CPU.Build.0 = Debug|Any CPU
		{90C23FB3-9335-40A0-A913-E634ED022234}.Release|Any CPU.ActiveCfg = Release|Any CPU
		{90C23FB3-9335-40A0-A913-E634ED022234}.Release|Any CPU.Build.0 = Release|Any CPU
		{1C162243-42AD-4FBB-906D-C96452EBF969}.Debug|Any CPU.ActiveCfg = Debug|Any CPU
		{1C162243-42AD-4FBB-906D-C96452EBF969}.Debug|Any CPU.Build.0 = Debug|Any CPU
		{1C162243-42AD-4FBB-906D-C96452EBF969}.Release|Any CPU.ActiveCfg = Release|Any CPU
		{1C162243-42AD-4FBB-906D-C96452EBF969}.Release|Any CPU.Build.0 = Release|Any CPU
	EndGlobalSection
EndGlobal
